
Microsoft Visual Studio Solution File, Format Version 11.00
# Visual Studio 2010
Project("{FAE04EC0-301F-11D3-BF4B-00C04F79EFBC}") = "GitHubTest", "GitHubTest\GitHubTest.csproj", "{66B96721-B32E-494B-B5B4-9E8E69CF33C4}"
EndProject
Project("{FAE04EC0-301F-11D3-BF4B-00C04F79EFBC}") = "GitHubTest.Tests", "GitHubTest.Tests\GitHubTest.Tests.csproj", "{32EC3A7D-696A-473B-8795-8137B2DDC15E}"
EndProject
Global
	GlobalSection(SolutionConfigurationPlatforms) = preSolution
		Debug|Any CPU = Debug|Any CPU
		Release|Any CPU = Release|Any CPU
	EndGlobalSection
	GlobalSection(ProjectConfigurationPlatforms) = postSolution
		{66B96721-B32E-494B-B5B4-9E8E69CF33C4}.Debug|Any CPU.ActiveCfg = Debug|Any CPU
		{66B96721-B32E-494B-B5B4-9E8E69CF33C4}.Debug|Any CPU.Build.0 = Debug|Any CPU
		{66B96721-B32E-494B-B5B4-9E8E69CF33C4}.Release|Any CPU.ActiveCfg = Release|Any CPU
		{66B96721-B32E-494B-B5B4-9E8E69CF33C4}.Release|Any CPU.Build.0 = Release|Any CPU
		{32EC3A7D-696A-473B-8795-8137B2DDC15E}.Debug|Any CPU.ActiveCfg = Debug|Any CPU
		{32EC3A7D-696A-473B-8795-8137B2DDC15E}.Debug|Any CPU.Build.0 = Debug|Any CPU
		{32EC3A7D-696A-473B-8795-8137B2DDC15E}.Release|Any CPU.ActiveCfg = Release|Any CPU
		{32EC3A7D-696A-473B-8795-8137B2DDC15E}.Release|Any CPU.Build.0 = Release|Any CPU
	EndGlobalSection
	GlobalSection(SolutionProperties) = preSolution
		HideSolutionNode = FALSE
	EndGlobalSection
EndGlobal
